
Microsoft Visual Studio Solution File, Format Version 12.00
# Visual Studio Version 17
VisualStudioVersion = 17.6.33815.320
MinimumVisualStudioVersion = 10.0.40219.1
Project("{FAE04EC0-301F-11D3-BF4B-00C04F79EFBC}") = "OnlineExam", "OnlineExam\OnlineExam.csproj", "{BDCA51A0-B79F-4DCB-8BFC-D8C6171074AF}"
EndProject
Global
	GlobalSection(SolutionConfigurationPlatforms) = preSolution
		Debug|Any CPU = Debug|Any CPU
		Release|Any CPU = Release|Any CPU
	EndGlobalSection
	GlobalSection(ProjectConfigurationPlatforms) = postSolution
		{BDCA51A0-B79F-4DCB-8BFC-D8C6171074AF}.Debug|Any CPU.ActiveCfg = Debug|Any CPU
		{BDCA51A0-B79F-4DCB-8BFC-D8C6171074AF}.Debug|Any CPU.Build.0 = Debug|Any CPU
		{BDCA51A0-B79F-4DCB-8BFC-D8C6171074AF}.Release|Any CPU.ActiveCfg = Release|Any CPU
		{BDCA51A0-B79F-4DCB-8BFC-D8C6171074AF}.Release|Any CPU.Build.0 = Release|Any CPU
	EndGlobalSection
	GlobalSection(SolutionProperties) = preSolution
		HideSolutionNode = FALSE
	EndGlobalSection
	GlobalSection(ExtensibilityGlobals) = postSolution
		SolutionGuid = {0F1E52BC-C3F1-4E00-AFF2-FEAA3BF99814}
	EndGlobalSection
EndGlobal
